
Microsoft Visual Studio Solution File, Format Version 12.00
# Visual Studio 15
VisualStudioVersion = 15.0.28307.1525
MinimumVisualStudioVersion = 10.0.40219.1
Project("{FAE04EC0-301F-11D3-BF4B-00C04F79EFBC}") = "WpfApp7_1", "WpfApp7_1\WpfApp7_1.csproj", "{35193F27-F995-4F78-B9DF-CAEC5DA0D9FB}"
EndProject
Global
	GlobalSection(SolutionConfigurationPlatforms) = preSolution
		Debug|Any CPU = Debug|Any CPU
		Release|Any CPU = Release|Any CPU
	EndGlobalSection
	GlobalSection(ProjectConfigurationPlatforms) = postSolution
		{35193F27-F995-4F78-B9DF-CAEC5DA0D9FB}.Debug|Any CPU.ActiveCfg = Debug|Any CPU
		{35193F27-F995-4F78-B9DF-CAEC5DA0D9FB}.Debug|Any CPU.Build.0 = Debug|Any CPU
		{35193F27-F995-4F78-B9DF-CAEC5DA0D9FB}.Release|Any CPU.ActiveCfg = Release|Any CPU
		{35193F27-F995-4F78-B9DF-CAEC5DA0D9FB}.Release|Any CPU.Build.0 = Release|Any CPU
	EndGlobalSection
	GlobalSection(SolutionProperties) = preSolution
		HideSolutionNode = FALSE
	EndGlobalSection
	GlobalSection(ExtensibilityGlobals) = postSolution
		SolutionGuid = {2660F597-62FC-4C2D-9CF5-BA7AEE90B3AE}
	EndGlobalSection
EndGlobal
